{
  "name": "node-js-getting-started",
  "version": "0.3.0",
  "lockfileVersion": 1,
  "requires": true,
  "dependencies": {
    "sack.vfs": {
      "version": "1.0.1003",
      "resolved": "https://registry.npmjs.org/sack.vfs/-/sack.vfs-1.0.1003.tgz",
      "integrity": "sha512-hyzmTI1qrMXmRjMLTf5yjvNNv8LsHPtI7F8R1m3ki9gShuVQxmAXhw8E3zGmIohS3zUZv0oGnaSkpN5WZjz0Kw=="
    }
  }
}
